
Microsoft Visual Studio Solution File, Format Version 12.00
# Visual Studio Version 16
VisualStudioVersion = 16.0.30907.101
MinimumVisualStudioVersion = 10.0.40219.1
Project("{FAE04EC0-301F-11D3-BF4B-00C04F79EFBC}") = "ADMS", "ADMS.csproj", "{D38EC5BA-3A9E-4370-8F29-69FD98C31ACF}"
EndProject
Global
	GlobalSection(SolutionConfigurationPlatforms) = preSolution
		Debug|Any CPU = Debug|Any CPU
		Release|Any CPU = Release|Any CPU
	EndGlobalSection
	GlobalSection(ProjectConfigurationPlatforms) = postSolution
		{D38EC5BA-3A9E-4370-8F29-69FD98C31ACF}.Debug|Any CPU.ActiveCfg = Debug|Any CPU
		{D38EC5BA-3A9E-4370-8F29-69FD98C31ACF}.Debug|Any CPU.Build.0 = Debug|Any CPU
		{D38EC5BA-3A9E-4370-8F29-69FD98C31ACF}.Release|Any CPU.ActiveCfg = Release|Any CPU
		{D38EC5BA-3A9E-4370-8F29-69FD98C31ACF}.Release|Any CPU.Build.0 = Release|Any CPU
	EndGlobalSection
	GlobalSection(SolutionProperties) = preSolution
		HideSolutionNode = FALSE
	EndGlobalSection
	GlobalSection(ExtensibilityGlobals) = postSolution
		SolutionGuid = {F398F919-9272-40FA-BF50-3D8D571A983A}
	EndGlobalSection
EndGlobal
